
Microsoft Visual Studio Solution File, Format Version 12.00
# Visual Studio Version 17
VisualStudioVersion = 17.9.34622.214
MinimumVisualStudioVersion = 10.0.40219.1
Project("{2150E333-8FDC-42A3-9474-1A3956D46DE8}") = "Apis", "Apis", "{34BC3054-D9F5-4223-A3E6-3C28E53EAF1B}"
EndProject
Project("{9A19103F-16F7-4668-BE54-9A1E7A4F7556}") = "VietmapLive.Activity.Api", "Apis\VietmapLive.Activity.Api\VietmapLive.Activity.Api.csproj", "{A133461E-DB23-4305-A57C-20893A079967}"
EndProject
Global
	GlobalSection(SolutionConfigurationPlatforms) = preSolution
		Debug|Any CPU = Debug|Any CPU
		Release|Any CPU = Release|Any CPU
	EndGlobalSection
	GlobalSection(ProjectConfigurationPlatforms) = postSolution
		{A133461E-DB23-4305-A57C-20893A079967}.Debug|Any CPU.ActiveCfg = Debug|Any CPU
		{A133461E-DB23-4305-A57C-20893A079967}.Debug|Any CPU.Build.0 = Debug|Any CPU
		{A133461E-DB23-4305-A57C-20893A079967}.Release|Any CPU.ActiveCfg = Release|Any CPU
		{A133461E-DB23-4305-A57C-20893A079967}.Release|Any CPU.Build.0 = Release|Any CPU
	EndGlobalSection
	GlobalSection(SolutionProperties) = preSolution
		HideSolutionNode = FALSE
	EndGlobalSection
	GlobalSection(NestedProjects) = preSolution
		{A133461E-DB23-4305-A57C-20893A079967} = {34BC3054-D9F5-4223-A3E6-3C28E53EAF1B}
	EndGlobalSection
	GlobalSection(ExtensibilityGlobals) = postSolution
		SolutionGuid = {0CA19598-B27A-48CF-BEFE-68E8434F54FD}
	EndGlobalSection
EndGlobal
